
Microsoft Visual Studio Solution File, Format Version 12.00
# Visual Studio Version 17
Project("{8BC9CEB8-8B4A-11D0-8D11-00A0C91BC942}") = "ALL_BUILD", "ALL_BUILD.vcxproj", "{24D488AF-AAAA-3D8D-9F4C-261F9D7B7CAC}"
	ProjectSection(ProjectDependencies) = postProject
		{9EDA3670-F7FA-3BDE-A353-D3A3B6B0C6B2} = {9EDA3670-F7FA-3BDE-A353-D3A3B6B0C6B2}
		{F7025049-F8B0-3190-81BC-2A475C5D1AFE} = {F7025049-F8B0-3190-81BC-2A475C5D1AFE}
		{112FB6AB-EE97-3E10-931F-85189378B2A6} = {112FB6AB-EE97-3E10-931F-85189378B2A6}
		{1F5B795B-EF70-3513-AA4E-66F0879C0512} = {1F5B795B-EF70-3513-AA4E-66F0879C0512}
		{60763C1B-EE3E-30CB-A5C1-3578D2F4231F} = {60763C1B-EE3E-30CB-A5C1-3578D2F4231F}
		{D9C0DE63-BBA3-36C6-ABC0-CEB4E324E0C1} = {D9C0DE63-BBA3-36C6-ABC0-CEB4E324E0C1}
	EndProjectSection
EndProject
Project("{8BC9CEB8-8B4A-11D0-8D11-00A0C91BC942}") = "ZERO_CHECK", "ZERO_CHECK.vcxproj", "{9EDA3670-F7FA-3BDE-A353-D3A3B6B0C6B2}"
	ProjectSection(ProjectDependencies) = postProject
	EndProjectSection
EndProject
Project("{8BC9CEB8-8B4A-11D0-8D11-00A0C91BC942}") = "dase_cli_analysis_integration", "dase_cli_analysis_integration.vcxproj", "{F7025049-F8B0-3190-81BC-2A475C5D1AFE}"
	ProjectSection(ProjectDependencies) = postProject
		{9EDA3670-F7FA-3BDE-A353-D3A3B6B0C6B2} = {9EDA3670-F7FA-3BDE-A353-D3A3B6B0C6B2}
	EndProjectSection
EndProject
Project("{8BC9CEB8-8B4A-11D0-8D11-00A0C91BC942}") = "dase_cli_json", "dase_cli_json.vcxproj", "{112FB6AB-EE97-3E10-931F-85189378B2A6}"
	ProjectSection(ProjectDependencies) = postProject
		{9EDA3670-F7FA-3BDE-A353-D3A3B6B0C6B2} = {9EDA3670-F7FA-3BDE-A353-D3A3B6B0C6B2}
		{F7025049-F8B0-3190-81BC-2A475C5D1AFE} = {F7025049-F8B0-3190-81BC-2A475C5D1AFE}
	EndProjectSection
EndProject
Project("{8BC9CEB8-8B4A-11D0-8D11-00A0C91BC942}") = "dase_core", "dase_core.vcxproj", "{1F5B795B-EF70-3513-AA4E-66F0879C0512}"
	ProjectSection(ProjectDependencies) = postProject
		{9EDA3670-F7FA-3BDE-A353-D3A3B6B0C6B2} = {9EDA3670-F7FA-3BDE-A353-D3A3B6B0C6B2}
	EndProjectSection
EndProject
Project("{8BC9CEB8-8B4A-11D0-8D11-00A0C91BC942}") = "igsoa_gw_core", "igsoa_gw_core.vcxproj", "{60763C1B-EE3E-30CB-A5C1-3578D2F4231F}"
	ProjectSection(ProjectDependencies) = postProject
		{9EDA3670-F7FA-3BDE-A353-D3A3B6B0C6B2} = {9EDA3670-F7FA-3BDE-A353-D3A3B6B0C6B2}
		{D9C0DE63-BBA3-36C6-ABC0-CEB4E324E0C1} = {D9C0DE63-BBA3-36C6-ABC0-CEB4E324E0C1}
	EndProjectSection
EndProject
Project("{8BC9CEB8-8B4A-11D0-8D11-00A0C91BC942}") = "igsoa_utils", "igsoa_utils.vcxproj", "{D9C0DE63-BBA3-36C6-ABC0-CEB4E324E0C1}"
	ProjectSection(ProjectDependencies) = postProject
		{9EDA3670-F7FA-3BDE-A353-D3A3B6B0C6B2} = {9EDA3670-F7FA-3BDE-A353-D3A3B6B0C6B2}
	EndProjectSection
EndProject
Global
	GlobalSection(SolutionConfigurationPlatforms) = preSolution
		Debug|x64 = Debug|x64
		Release|x64 = Release|x64
		MinSizeRel|x64 = MinSizeRel|x64
		RelWithDebInfo|x64 = RelWithDebInfo|x64
	EndGlobalSection
	GlobalSection(ProjectConfigurationPlatforms) = postSolution
		{24D488AF-AAAA-3D8D-9F4C-261F9D7B7CAC}.Debug|x64.ActiveCfg = Debug|x64
		{24D488AF-AAAA-3D8D-9F4C-261F9D7B7CAC}.Release|x64.ActiveCfg = Release|x64
		{24D488AF-AAAA-3D8D-9F4C-261F9D7B7CAC}.MinSizeRel|x64.ActiveCfg = MinSizeRel|x64
		{24D488AF-AAAA-3D8D-9F4C-261F9D7B7CAC}.RelWithDebInfo|x64.ActiveCfg = RelWithDebInfo|x64
		{9EDA3670-F7FA-3BDE-A353-D3A3B6B0C6B2}.Debug|x64.ActiveCfg = Debug|x64
		{9EDA3670-F7FA-3BDE-A353-D3A3B6B0C6B2}.Debug|x64.Build.0 = Debug|x64
		{9EDA3670-F7FA-3BDE-A353-D3A3B6B0C6B2}.Release|x64.ActiveCfg = Release|x64
		{9EDA3670-F7FA-3BDE-A353-D3A3B6B0C6B2}.Release|x64.Build.0 = Release|x64
		{9EDA3670-F7FA-3BDE-A353-D3A3B6B0C6B2}.MinSizeRel|x64.ActiveCfg = MinSizeRel|x64
		{9EDA3670-F7FA-3BDE-A353-D3A3B6B0C6B2}.MinSizeRel|x64.Build.0 = MinSizeRel|x64
		{9EDA3670-F7FA-3BDE-A353-D3A3B6B0C6B2}.RelWithDebInfo|x64.ActiveCfg = RelWithDebInfo|x64
		{9EDA3670-F7FA-3BDE-A353-D3A3B6B0C6B2}.RelWithDebInfo|x64.Build.0 = RelWithDebInfo|x64
		{F7025049-F8B0-3190-81BC-2A475C5D1AFE}.Debug|x64.ActiveCfg = Debug|x64
		{F7025049-F8B0-3190-81BC-2A475C5D1AFE}.Debug|x64.Build.0 = Debug|x64
		{F7025049-F8B0-3190-81BC-2A475C5D1AFE}.Release|x64.ActiveCfg = Release|x64
		{F7025049-F8B0-3190-81BC-2A475C5D1AFE}.Release|x64.Build.0 = Release|x64
		{F7025049-F8B0-3190-81BC-2A475C5D1AFE}.MinSizeRel|x64.ActiveCfg = MinSizeRel|x64
		{F7025049-F8B0-3190-81BC-2A475C5D1AFE}.MinSizeRel|x64.Build.0 = MinSizeRel|x64
		{F7025049-F8B0-3190-81BC-2A475C5D1AFE}.RelWithDebInfo|x64.ActiveCfg = RelWithDebInfo|x64
		{F7025049-F8B0-3190-81BC-2A475C5D1AFE}.RelWithDebInfo|x64.Build.0 = RelWithDebInfo|x64
		{112FB6AB-EE97-3E10-931F-85189378B2A6}.Debug|x64.ActiveCfg = Debug|x64
		{112FB6AB-EE97-3E10-931F-85189378B2A6}.Debug|x64.Build.0 = Debug|x64
		{112FB6AB-EE97-3E10-931F-85189378B2A6}.Release|x64.ActiveCfg = Release|x64
		{112FB6AB-EE97-3E10-931F-85189378B2A6}.Release|x64.Build.0 = Release|x64
		{112FB6AB-EE97-3E10-931F-85189378B2A6}.MinSizeRel|x64.ActiveCfg = MinSizeRel|x64
		{112FB6AB-EE97-3E10-931F-85189378B2A6}.MinSizeRel|x64.Build.0 = MinSizeRel|x64
		{112FB6AB-EE97-3E10-931F-85189378B2A6}.RelWithDebInfo|x64.ActiveCfg = RelWithDebInfo|x64
		{112FB6AB-EE97-3E10-931F-85189378B2A6}.RelWithDebInfo|x64.Build.0 = RelWithDebInfo|x64
		{1F5B795B-EF70-3513-AA4E-66F0879C0512}.Debug|x64.ActiveCfg = Debug|x64
		{1F5B795B-EF70-3513-AA4E-66F0879C0512}.Debug|x64.Build.0 = Debug|x64
		{1F5B795B-EF70-3513-AA4E-66F0879C0512}.Release|x64.ActiveCfg = Release|x64
		{1F5B795B-EF70-3513-AA4E-66F0879C0512}.Release|x64.Build.0 = Release|x64
		{1F5B795B-EF70-3513-AA4E-66F0879C0512}.MinSizeRel|x64.ActiveCfg = MinSizeRel|x64
		{1F5B795B-EF70-3513-AA4E-66F0879C0512}.MinSizeRel|x64.Build.0 = MinSizeRel|x64
		{1F5B795B-EF70-3513-AA4E-66F0879C0512}.RelWithDebInfo|x64.ActiveCfg = RelWithDebInfo|x64
		{1F5B795B-EF70-3513-AA4E-66F0879C0512}.RelWithDebInfo|x64.Build.0 = RelWithDebInfo|x64
		{60763C1B-EE3E-30CB-A5C1-3578D2F4231F}.Debug|x64.ActiveCfg = Debug|x64
		{60763C1B-EE3E-30CB-A5C1-3578D2F4231F}.Debug|x64.Build.0 = Debug|x64
		{60763C1B-EE3E-30CB-A5C1-3578D2F4231F}.Release|x64.ActiveCfg = Release|x64
		{60763C1B-EE3E-30CB-A5C1-3578D2F4231F}.Release|x64.Build.0 = Release|x64
		{60763C1B-EE3E-30CB-A5C1-3578D2F4231F}.MinSizeRel|x64.ActiveCfg = MinSizeRel|x64
		{60763C1B-EE3E-30CB-A5C1-3578D2F4231F}.MinSizeRel|x64.Build.0 = MinSizeRel|x64
		{60763C1B-EE3E-30CB-A5C1-3578D2F4231F}.RelWithDebInfo|x64.ActiveCfg = RelWithDebInfo|x64
		{60763C1B-EE3E-30CB-A5C1-3578D2F4231F}.RelWithDebInfo|x64.Build.0 = RelWithDebInfo|x64
		{D9C0DE63-BBA3-36C6-ABC0-CEB4E324E0C1}.Debug|x64.ActiveCfg = Debug|x64
		{D9C0DE63-BBA3-36C6-ABC0-CEB4E324E0C1}.Debug|x64.Build.0 = Debug|x64
		{D9C0DE63-BBA3-36C6-ABC0-CEB4E324E0C1}.Release|x64.ActiveCfg = Release|x64
		{D9C0DE63-BBA3-36C6-ABC0-CEB4E324E0C1}.Release|x64.Build.0 = Release|x64
		{D9C0DE63-BBA3-36C6-ABC0-CEB4E324E0C1}.MinSizeRel|x64.ActiveCfg = MinSizeRel|x64
		{D9C0DE63-BBA3-36C6-ABC0-CEB4E324E0C1}.MinSizeRel|x64.Build.0 = MinSizeRel|x64
		{D9C0DE63-BBA3-36C6-ABC0-CEB4E324E0C1}.RelWithDebInfo|x64.ActiveCfg = RelWithDebInfo|x64
		{D9C0DE63-BBA3-36C6-ABC0-CEB4E324E0C1}.RelWithDebInfo|x64.Build.0 = RelWithDebInfo|x64
	EndGlobalSection
	GlobalSection(ExtensibilityGlobals) = postSolution
		SolutionGuid = {65524950-9FB2-35DF-8CEE-A4880B7206DA}
	EndGlobalSection
	GlobalSection(ExtensibilityAddIns) = postSolution
	EndGlobalSection
EndGlobal
